
Microsoft Visual Studio Solution File, Format Version 12.00
# Visual Studio Version 16
VisualStudioVersion = 16.0.31624.102
MinimumVisualStudioVersion = 10.0.40219.1
Project("{FAE04EC0-301F-11D3-BF4B-00C04F79EFBC}") = "Task4Forms", "Task4Forms.csproj", "{04B5944A-8A46-475D-A356-D24B0BF8250C}"
EndProject
Global
	GlobalSection(SolutionConfigurationPlatforms) = preSolution
		Debug|Any CPU = Debug|Any CPU
		Release|Any CPU = Release|Any CPU
	EndGlobalSection
	GlobalSection(ProjectConfigurationPlatforms) = postSolution
		{04B5944A-8A46-475D-A356-D24B0BF8250C}.Debug|Any CPU.ActiveCfg = Debug|Any CPU
		{04B5944A-8A46-475D-A356-D24B0BF8250C}.Debug|Any CPU.Build.0 = Debug|Any CPU
		{04B5944A-8A46-475D-A356-D24B0BF8250C}.Release|Any CPU.ActiveCfg = Release|Any CPU
		{04B5944A-8A46-475D-A356-D24B0BF8250C}.Release|Any CPU.Build.0 = Release|Any CPU
	EndGlobalSection
	GlobalSection(SolutionProperties) = preSolution
		HideSolutionNode = FALSE
	EndGlobalSection
	GlobalSection(ExtensibilityGlobals) = postSolution
		SolutionGuid = {EEDCA243-4684-49D6-A1A6-480DB9711952}
	EndGlobalSection
EndGlobal
